<Project xmlns="http://schemas.microsoft.com/developer/msbuild/2003">
    <PropertyGroup>
        <ProjectGuid>{E27F6D1E-4B18-4E79-98C0-132297036BAF}</ProjectGuid>
        <ProjectVersion>19.2</ProjectVersion>
        <FrameworkType>VCL</FrameworkType>
        <Base>True</Base>
        <Config Condition="'$(Config)'==''">Release</Config>
        <Platform Condition="'$(Platform)'==''">Win32</Platform>
        <TargetedPlatforms>1</TargetedPlatforms>
        <AppType>Application</AppType>
        <MainSource>principal.dpr</MainSource>
    </PropertyGroup>
    <PropertyGroup Condition="'$(Config)'=='Base' or '$(Base)'!=''">
        <Base>true</Base>
    </PropertyGroup>
    <PropertyGroup Condition="('$(Platform)'=='Win32' and '$(Base)'=='true') or '$(Base_Win32)'!=''">
        <Base_Win32>true</Base_Win32>
        <CfgParent>Base</CfgParent>
        <Base>true</Base>
    </PropertyGroup>
    <PropertyGroup Condition="('$(Platform)'=='Win64' and '$(Base)'=='true') or '$(Base_Win64)'!=''">
        <Base_Win64>true</Base_Win64>
        <CfgParent>Base</CfgParent>
        <Base>true</Base>
    </PropertyGroup>
    <PropertyGroup Condition="'$(Config)'=='Debug' or '$(Cfg_1)'!=''">
        <Cfg_1>true</Cfg_1>
        <CfgParent>Base</CfgParent>
        <Base>true</Base>
    </PropertyGroup>
    <PropertyGroup Condition="('$(Platform)'=='Win32' and '$(Cfg_1)'=='true') or '$(Cfg_1_Win32)'!=''">
        <Cfg_1_Win32>true</Cfg_1_Win32>
        <CfgParent>Cfg_1</CfgParent>
        <Cfg_1>true</Cfg_1>
        <Base>true</Base>
    </PropertyGroup>
    <PropertyGroup Condition="'$(Config)'=='Release' or '$(Cfg_2)'!=''">
        <Cfg_2>true</Cfg_2>
        <CfgParent>Base</CfgParent>
        <Base>true</Base>
    </PropertyGroup>
    <PropertyGroup Condition="('$(Platform)'=='Win32' and '$(Cfg_2)'=='true') or '$(Cfg_2_Win32)'!=''">
        <Cfg_2_Win32>true</Cfg_2_Win32>
        <CfgParent>Cfg_2</CfgParent>
        <Cfg_2>true</Cfg_2>
        <Base>true</Base>
    </PropertyGroup>
    <PropertyGroup Condition="'$(Base)'!=''">
        <DCC_DcuOutput>.\$(Platform)\$(Config)</DCC_DcuOutput>
        <DCC_ExeOutput>.\$(Platform)\$(Config)</DCC_ExeOutput>
        <DCC_E>false</DCC_E>
        <DCC_N>false</DCC_N>
        <DCC_S>false</DCC_S>
        <DCC_F>false</DCC_F>
        <DCC_K>false</DCC_K>
        <DCC_Namespace>System;Xml;Data;Datasnap;Web;Soap;Vcl;Vcl.Imaging;Vcl.Touch;Vcl.Samples;Vcl.Shell;$(DCC_Namespace)</DCC_Namespace>
        <Icon_MainIcon>$(BDS)\bin\delphi_PROJECTICON.ico</Icon_MainIcon>
        <UWP_DelphiLogo44>$(BDS)\bin\Artwork\Windows\UWP\delphi_UwpDefault_44.png</UWP_DelphiLogo44>
        <UWP_DelphiLogo150>$(BDS)\bin\Artwork\Windows\UWP\delphi_UwpDefault_150.png</UWP_DelphiLogo150>
        <SanitizedProjectName>principal</SanitizedProjectName>
    </PropertyGroup>
    <PropertyGroup Condition="'$(Base_Win32)'!=''">
        <DCC_UsePackage>DBXSqliteDriver;DBXDb2Driver;TWebCam;ngcgoogle18svc;vclFireDAC;tethering;ACBr_BPeDabpeESCPOS;ACBr_BPe;frx27;NxDBGrid6Dsgn_d10_4;JvPluginSystem;dxRibbonCustomizationFormRS27;FMXTeeImport927;FireDACMSSQLDriver;ACBr_NFeDanfeFR;ngcgoogle12svc;rbRCL2027;pckUserControl_RT;cxTreeListRS27;fs27;dxPScxSchedulerLnkRS27;rbUSER2027;lmdrtdialog;ngcgoogle5svc;dxPsPrVwAdvRS27;FireDACDBXDriver;NxGrid6Dsgn_d10_4;ACBr_NFSeDanfseFR;dxPSdxFCLnkRS27;lmdrtthemes;lmdrtide;dxSpellCheckerRS27;ACBr_SATExtratoRL;dxPDFViewerRS27;FMXTeeDB927;RESTBackendComponents;dxWizardControlRS27;cxSchedulerTreeBrowserRS27;dxBarExtDBItemsRS27;CloudService;cxExportRS27;DataSnapClient;bindcompdbx;ACBr_TCP;dxPScxPCProdRS27;rbFireDAC2027;lmdrttoolsdb;ngcruntime;dclRBE2027;bindcompvclwinx;ACBr_PagFor;dxFlowChartRS27;ACBre_Social;FireDACMSAccDriver;FireDACInfxDriver;lmdrtchart;vclimg;ACBr_SPEDImportar;dxPSPrVwRibbonRS27;fsIBX27;dxCoreRS27;emshosting;ngcgoogle4svc;ngcgoogle9svc;DBXOdbcDriver;ngcgoogle;soaprtl;DbxCommonDriver;ACBr_CIOT;dxRichEditCoreRS27;dxCloudServiceLibraryRS27;soapmidas;ngcgoogle17svc;rtl;emsserverresource;dxdbtrRS27;DBXSybaseASADriver;lmdrtprint;appanalytics;dclRBIBE2027;dxRichEditControlCoreRS27;dxSpreadSheetCoreRS27;dxGDIPlusRS27;dxFlowChartAdvancedCustomizeFormRS27;dxServerModeRS27;rbIBE2027;NxInspector6Run_d10_4;JvDocking;JvPascalInterpreter;VclSmp;dxDBXServerModeRS27;FireDACODBCDriver;JclVcl;frxcs27;cxGridRS27;DataSnapProviderClient;NxCollection6Run_d10_4;JvControls;JvPrintPreview;dxFireDACEMFRS27;ACBr_NFSe;lmdrtstorage;dxtrmdRS27;DataSnapServerMidas;RESTComponents;lmdrtsearch;pkgADRIFood;dxSpreadSheetCoreConditionalFormattingDialogsRS27;fsDB27;dxGaugeControlRS27;dxSpreadSheetReportDesignerRS27;JvGlobus;dxPSRichEditControlLnkRS27;lmdrtl;DBXMSSQLDriver;JvMM;dxADOServerModeRS27;unidac270;lmdrtbar;rbIDE2027;frxIBX27;bindcompfmx;JvNet;crcontrols270;JvAppFrm;FMXTeeLanguage927;emsedge;RaizeComponentsVclDb;FireDACIBDriver;rbBDE2027;ACBr_CTeDacteFR;StyleControls_dxe104Sydney;JvWizards;collection_dsgn;rbDAD2027;dbexpress;IndyCore;lmdrtdesign;dxRibbonRS27;ZParseSql;JvPageComps;lmdrtrtlx;FireDACCommon;lmdrtgrid;ngdialogs;lmdrtelcore;DataSnapConnectors;dxBarExtItemsRS27;ACBR_DeSTDA;grava;EhLibADODataDrivers270;ngcgoogle2svc;dacfmx270;NxDBGrid6Run_d10_4;TMSVCLUIPackPkgDXE13;JvCmp;DBXMySQLDriver;dxFlowChartLayoutsRS27;NxLayout6Run_d10_4;dxPSCoreRS27;dxADOEMFRS27;ACBr_Sintegra;FireDACCommonDriver;ACBr_GNRE;ACBr_ADRCST;inet;JvCustom;NxLayout6Dsgn_d10_4;JvXPCtrls;ngcgoogle1svc;dxMapControlRS27;dxPSdxDBOCLnkRS27;dxComnRS27;EhLibIBXDataDrivers270;ngcgoogle6svc;FmxTeeUI927;dxPSdxPDFViewerLnkRS27;FireDAC;dxPScxVGridLnkRS27;FireDACSqliteDriver;ibmonitor;ACBr_GNREGuiaRL;FireDACASADriver;JvDlgs;JvRuntimeDesign;dxTabbedMDIRS27;DataSnapServer;lmdrtrtfdb;vclwinx;lmdrtscript;ngcgoogle15svc;dxPScxCommonRS27;dxRichEditInplaceRS27;pckMD5;CustomIPTransport;ACBr_PIXCD;dxPScxGridLnkRS27;bindcomp;ZPlain;DBXInformixDriver;dxDockingRS27;frxe27;dbxcds;ACBr_NFCeECFVirtual;adortl;ACBr_BoletoFR;dsnapxml;ImportExcel;dxPSdxLCLnkRS27;ngcgoogle16svc;dxPSdxMapControlLnkRS27;ACBr_NF3eDANF3eESCPOS;vclactnband;dclRBDBE2027;FMXTree27;lmdrtplugin;FireDACADSDriver;cxLibraryRS27;pckUserControl_DT;pckZeosConn;vcltouch;ACBr_NFe;ngcgoogle11svc;vcldb;lmdrtchartdb;svn;JvBands;JvJans;dclRBFireDAC2027;dxPScxExtCommonRS27;ACBr_NFeDanfeESCPOS;ngcgoogle8svc;JvDotNetCtrls;vclib;lmdrttools;ACBr_SATExtratoFR;lmdrtrtf;dxRichEditDocumentModelRS27;rbUSERDesign2027;vclx;lmdrtelpro;rbDIDE2027;ACBr_Reinf;VCLRESTComponents;ngcgoogle10svc;ngcgoogle13svc;vclie;bindengine;ACBr_PAF;FireDACMySQLDriver;JvHMI;ACBr_SATECFVirtual;pckUCDataConnector;NxCollection6Dsgn_d10_4;cxSchedulerWebServiceStorageRS27;frxDB27;ACBr_CTeDacteRL;fsFD27;IndyIPServer;DBXSybaseASEDriver;ACBr_CTe;RtmRxDB270;PngComponents;IndySystem;dxHttpIndyRequestRS27;dac270;dsnapcon;rbADO2027;fmxFireDAC;dxmdsRS27;FMXTeePro927;Jcl;ACBr_SPED;ACBr_MDFe;frxIntIO27;ngcgoogle19svc;nghtml;ACBr_BoletoRL;ACBr_LFD;ngvldtctrls;acntDX10Sydney_R;NxStandard6Run_d10_4;FireDACTDataDriver;cxSchedulerRibbonStyleEventEditorRS27;ngdragdrop;ACBr_NFSeDanfseRL;JvManagedThreads;xmlrtl;DataSnapNativeClient;ngcboxnet;fmxobj;JvTimeFramework;rbRAP2027;rbRest2027;dxdborRS27;DbxClientDriver;rbRTL2027;unidacvcl270;JvSystem;JvStdCtrls;ACBr_Convenio115;rbRIDE2027;lmdrtdocking;zexmlsslib;IndyIPClient;dxFireDACServerModeRS27;bindcompvcl;vcldbx;lmdrtsyntax;dxPSLnksRS27;dxorgcRS27;ACBr_NFSeXDANFSeFR;DataSnapIndy10ServerTransport;ACBr_Boleto;lmdrtscriptimp;ACBr_SEF2;FireDACMongoDBDriver;ACBr_MDFeDamdfeFR;lmdrtshell;rbCIDE2027;NxInspector6Dsgn_d10_4;lmdrtweb;ZComponent;pckFireDacConn;DBXInterBaseDriver;dxSpreadSheetConditionalFormattingDialogsRS27;ACBr_NF3e;ACBr_TEFD;ZCore;dxSpreadSheetRS27;bindcompvclsmp;emsclientfiredac;DataSnapFireDAC;svnui;ACBr_SATWS;NxStandard6Dsgn_d10_4;cxPivotGridOLAPRS27;dxBarDBNavRS27;fsTee27;ACBr_MDFeDamdfeRL;ngcgoogle14svc;DatasnapConnectorsFreePascal;cxPivotGridRS27;ACBr_EDI;ACBr_ONE;Lock;lmdrteldb;DBXOracleDriver;FlatStyle_XE7;inetdb;CEF4Delphi;ACBr_Diversos;RaizeComponentsVcl;dxFlowChartDesignerRS27;ngcgoogle3svc;ACBr_GNREGuiaFR;ACBr_LCDPR;TMSVCLUIPackPkgWizDXE13;fmx;fmxdae;NxGrid6Run_d10_4;vcledge;CPortLib;ZipMasterR;ACBr_Ponto;collection_run;ngvalidators;TMSVCLUIPackPkgXlsDXE13;dsnap;emsclient;DataSnapCommon;bdertl;JvDB;dxTileControlRS27;ACBr_NFSeX;cxSchedulerRS27;EhLibBDEDataDrivers270;soapserver;ACBr_SAT;VCLControles;ngcgoogle7svc;JclDeveloperTools;dxRichEditControlRS27;lmdrtinspector;lmdrtfx;dxPScxTLLnkRS27;FireDACOracleDriver;DBXFirebirdDriver;lmdrtsearchdb;FireDACCommonODBC;rbDBE2027;lmdrtspell;dxPScxPivotGridLnkRS27;cxPivotGridChartRS27;IndyIPCommon;dxPSdxOCLnkRS27;TMSVCLUIPackPkgExDXE13;vcl;ACBr_NFeDanfeRL;EhLib270;ACBr_SATExtratoESCPOS;dacvcl270;vquery270;dclRBADO2027;FireDACDb2Driver;ACBr_Integrador;dxPSdxGaugeControlLnkRS27;lmdrtsys;unidacfmx270;pckHistorico;frxIntIOIndy27;ZDbc;dxEMFRS27;cxTreeListdxBarPopupMenuRS27;ngcdropbox;JvCore;ACBr_Comum;ngcommon;rbDB2027;JvCrypt;dxPSdxSpreadSheetLnkRS27;FireDACPgDriver;dxSpreadSheetCoreDialogsRS27;dxSpreadSheetInplaceRichEditRS27;FMXTee927;ibxpress;ibxbindings;FireDACDSDriver;ACBr_OpenSSL;vcldsnap;dxSkinsCoreRS27;RtmRxCtl270;frxADO27;ACBr_Serial;cxSchedulerGridRS27;cxVerticalGridRS27;fsADO27;frce;dxNavBarRS27;ACBr_NFSeXDanfseRL;ACBr_BlocoX;BarcodeScanner;common_run;frxDBX27;EhLibDBXDataDrivers270;ACBr_ANe;dbrtl;IndyProtocols;inetdbxpress;dxBarRS27;JclContainers;ACBr_MTER;dxPSdxDBTVLnkRS27;lmdrtcore;fmxase;$(DCC_UsePackage)</DCC_UsePackage>
        <DCC_Namespace>Winapi;System.Win;Data.Win;Datasnap.Win;Web.Win;Soap.Win;Xml.Win;Bde;$(DCC_Namespace)</DCC_Namespace>
        <BT_BuildType>Debug</BT_BuildType>
        <VerInfo_IncludeVerInfo>true</VerInfo_IncludeVerInfo>
        <VerInfo_Keys>CompanyName=;FileDescription=$(MSBuildProjectName);FileVersion=1.0.0.0;InternalName=;LegalCopyright=;LegalTrademarks=;OriginalFilename=;ProgramID=com.embarcadero.$(MSBuildProjectName);ProductName=$(MSBuildProjectName);ProductVersion=1.0.0.0;Comments=</VerInfo_Keys>
        <VerInfo_Locale>1033</VerInfo_Locale>
        <Manifest_File>$(BDS)\bin\default_app.manifest</Manifest_File>
    </PropertyGroup>
    <PropertyGroup Condition="'$(Base_Win64)'!=''">
        <DCC_UsePackage>DBXSqliteDriver;DBXDb2Driver;ngcgoogle18svc;vclFireDAC;tethering;dxRibbonCustomizationFormRS27;FireDACMSSQLDriver;ngcgoogle12svc;cxTreeListRS27;dxPScxSchedulerLnkRS27;lmdrtdialog;ngcgoogle5svc;dxPsPrVwAdvRS27;FireDACDBXDriver;dxPSdxFCLnkRS27;lmdrtthemes;lmdrtide;dxSpellCheckerRS27;dxPDFViewerRS27;RESTBackendComponents;dxWizardControlRS27;cxSchedulerTreeBrowserRS27;dxBarExtDBItemsRS27;CloudService;cxExportRS27;DataSnapClient;bindcompdbx;dxPScxPCProdRS27;lmdrttoolsdb;ngcruntime;bindcompvclwinx;dxFlowChartRS27;FireDACMSAccDriver;FireDACInfxDriver;lmdrtchart;vclimg;dxPSPrVwRibbonRS27;dxCoreRS27;emshosting;ngcgoogle4svc;ngcgoogle9svc;DBXOdbcDriver;ngcgoogle;soaprtl;DbxCommonDriver;dxRichEditCoreRS27;dxCloudServiceLibraryRS27;soapmidas;ngcgoogle17svc;rtl;emsserverresource;dxdbtrRS27;DBXSybaseASADriver;lmdrtprint;appanalytics;dxRichEditControlCoreRS27;dxSpreadSheetCoreRS27;dxGDIPlusRS27;dxFlowChartAdvancedCustomizeFormRS27;dxServerModeRS27;NxInspector6Run_d10_4;VclSmp;dxDBXServerModeRS27;FireDACODBCDriver;cxGridRS27;DataSnapProviderClient;NxCollection6Run_d10_4;dxFireDACEMFRS27;lmdrtstorage;dxtrmdRS27;DataSnapServerMidas;RESTComponents;lmdrtsearch;dxSpreadSheetCoreConditionalFormattingDialogsRS27;dxGaugeControlRS27;dxSpreadSheetReportDesignerRS27;dxPSRichEditControlLnkRS27;lmdrtl;DBXMSSQLDriver;dxADOServerModeRS27;lmdrtbar;bindcompfmx;emsedge;FireDACIBDriver;StyleControls_dxe104Sydney;dbexpress;IndyCore;lmdrtdesign;dxRibbonRS27;ZParseSql;lmdrtrtlx;FireDACCommon;lmdrtgrid;ngdialogs;lmdrtelcore;DataSnapConnectors;dxBarExtItemsRS27;EhLibADODataDrivers270;ngcgoogle2svc;NxDBGrid6Run_d10_4;TMSVCLUIPackPkgDXE13;DBXMySQLDriver;dxFlowChartLayoutsRS27;NxLayout6Run_d10_4;dxPSCoreRS27;dxADOEMFRS27;FireDACCommonDriver;inet;ngcgoogle1svc;dxMapControlRS27;dxPSdxDBOCLnkRS27;dxComnRS27;EhLibIBXDataDrivers270;ngcgoogle6svc;dxPSdxPDFViewerLnkRS27;FireDAC;dxPScxVGridLnkRS27;FireDACSqliteDriver;ibmonitor;FireDACASADriver;dxTabbedMDIRS27;DataSnapServer;lmdrtrtfdb;vclwinx;lmdrtscript;ngcgoogle15svc;dxPScxCommonRS27;dxRichEditInplaceRS27;pckMD5;CustomIPTransport;dxPScxGridLnkRS27;bindcomp;ZPlain;DBXInformixDriver;dxDockingRS27;dbxcds;adortl;dsnapxml;dxPSdxLCLnkRS27;ngcgoogle16svc;dxPSdxMapControlLnkRS27;vclactnband;lmdrtplugin;FireDACADSDriver;cxLibraryRS27;pckZeosConn;vcltouch;ngcgoogle11svc;vcldb;lmdrtchartdb;dxPScxExtCommonRS27;ngcgoogle8svc;vclib;lmdrttools;lmdrtrtf;dxRichEditDocumentModelRS27;vclx;lmdrtelpro;VCLRESTComponents;ngcgoogle10svc;ngcgoogle13svc;vclie;bindengine;FireDACMySQLDriver;pckUCDataConnector;cxSchedulerWebServiceStorageRS27;IndyIPServer;DBXSybaseASEDriver;PngComponents;IndySystem;dxHttpIndyRequestRS27;dsnapcon;fmxFireDAC;dxmdsRS27;ngcgoogle19svc;nghtml;ngvldtctrls;NxStandard6Run_d10_4;FireDACTDataDriver;cxSchedulerRibbonStyleEventEditorRS27;ngdragdrop;xmlrtl;DataSnapNativeClient;ngcboxnet;fmxobj;dxdborRS27;DbxClientDriver;lmdrtdocking;IndyIPClient;dxFireDACServerModeRS27;bindcompvcl;lmdrtsyntax;dxPSLnksRS27;dxorgcRS27;DataSnapIndy10ServerTransport;lmdrtscriptimp;FireDACMongoDBDriver;lmdrtshell;lmdrtweb;ZComponent;pckFireDacConn;DBXInterBaseDriver;dxSpreadSheetConditionalFormattingDialogsRS27;ZCore;dxSpreadSheetRS27;bindcompvclsmp;emsclientfiredac;DataSnapFireDAC;cxPivotGridOLAPRS27;dxBarDBNavRS27;ngcgoogle14svc;DatasnapConnectorsFreePascal;cxPivotGridRS27;lmdrteldb;DBXOracleDriver;inetdb;CEF4Delphi;dxFlowChartDesignerRS27;ngcgoogle3svc;fmx;fmxdae;NxGrid6Run_d10_4;vcledge;CPortLib;ZipMasterR;ngvalidators;TMSVCLUIPackPkgXlsDXE13;dsnap;emsclient;DataSnapCommon;dxTileControlRS27;cxSchedulerRS27;soapserver;ngcgoogle7svc;dxRichEditControlRS27;lmdrtinspector;lmdrtfx;dxPScxTLLnkRS27;FireDACOracleDriver;DBXFirebirdDriver;lmdrtsearchdb;FireDACCommonODBC;lmdrtspell;dxPScxPivotGridLnkRS27;cxPivotGridChartRS27;IndyIPCommon;dxPSdxOCLnkRS27;TMSVCLUIPackPkgExDXE13;vcl;EhLib270;FireDACDb2Driver;dxPSdxGaugeControlLnkRS27;lmdrtsys;pckHistorico;ZDbc;dxEMFRS27;cxTreeListdxBarPopupMenuRS27;ngcdropbox;ngcommon;dxPSdxSpreadSheetLnkRS27;FireDACPgDriver;dxSpreadSheetCoreDialogsRS27;dxSpreadSheetInplaceRichEditRS27;ibxpress;ibxbindings;FireDACDSDriver;vcldsnap;dxSkinsCoreRS27;cxSchedulerGridRS27;cxVerticalGridRS27;dxNavBarRS27;EhLibDBXDataDrivers270;dbrtl;IndyProtocols;inetdbxpress;dxBarRS27;dxPSdxDBTVLnkRS27;lmdrtcore;fmxase;$(DCC_UsePackage)</DCC_UsePackage>
    </PropertyGroup>
    <PropertyGroup Condition="'$(Cfg_1)'!=''">
        <DCC_Define>DEBUG;$(DCC_Define)</DCC_Define>
        <DCC_DebugDCUs>true</DCC_DebugDCUs>
        <DCC_Optimize>false</DCC_Optimize>
        <DCC_GenerateStackFrames>true</DCC_GenerateStackFrames>
        <DCC_DebugInfoInExe>true</DCC_DebugInfoInExe>
        <DCC_RemoteDebug>true</DCC_RemoteDebug>
    </PropertyGroup>
    <PropertyGroup Condition="'$(Cfg_1_Win32)'!=''">
        <DCC_RemoteDebug>false</DCC_RemoteDebug>
        <AppEnableRuntimeThemes>true</AppEnableRuntimeThemes>
        <AppDPIAwarenessMode>PerMonitorV2</AppDPIAwarenessMode>
        <DCC_ExeOutput>D:\Teste\</DCC_ExeOutput>
        <VerInfo_IncludeVerInfo>true</VerInfo_IncludeVerInfo>
        <VerInfo_Locale>1033</VerInfo_Locale>
    </PropertyGroup>
    <PropertyGroup Condition="'$(Cfg_2)'!=''">
        <DCC_LocalDebugSymbols>false</DCC_LocalDebugSymbols>
        <DCC_Define>RELEASE;$(DCC_Define)</DCC_Define>
        <DCC_SymbolReferenceInfo>0</DCC_SymbolReferenceInfo>
        <DCC_DebugInformation>0</DCC_DebugInformation>
    </PropertyGroup>
    <PropertyGroup Condition="'$(Cfg_2_Win32)'!=''">
        <AppEnableRuntimeThemes>true</AppEnableRuntimeThemes>
        <AppDPIAwarenessMode>PerMonitorV2</AppDPIAwarenessMode>
        <DCC_ExeOutput>D:\Teste\</DCC_ExeOutput>
        <VerInfo_IncludeVerInfo>true</VerInfo_IncludeVerInfo>
        <VerInfo_Locale>1033</VerInfo_Locale>
    </PropertyGroup>
    <ItemGroup>
        <DelphiCompile Include="$(MainSource)">
            <MainSource>MainSource</MainSource>
        </DelphiCompile>
        <DCCReference Include="uPrincipal.pas">
            <Form>FrmPrincipal</Form>
            <FormType>dfm</FormType>
        </DCCReference>
        <DCCReference Include="..\Module\Model.Connection.pas">
            <Form>Dm</Form>
            <FormType>dfm</FormType>
            <DesignClass>TDataModule</DesignClass>
        </DCCReference>
        <DCCReference Include="..\Module\Model.Cliente.pas"/>
        <DCCReference Include="..\Module\Model.Produto.pas"/>
        <DCCReference Include="uCancelaVenda.pas">
            <Form>FrmCancelarVenda</Form>
            <FormType>dfm</FormType>
        </DCCReference>
        <DCCReference Include="uCarregaVenda.pas">
            <Form>FrmCarregaVenda</Form>
            <FormType>dfm</FormType>
        </DCCReference>
        <BuildConfiguration Include="Release">
            <Key>Cfg_2</Key>
            <CfgParent>Base</CfgParent>
        </BuildConfiguration>
        <BuildConfiguration Include="Base">
            <Key>Base</Key>
        </BuildConfiguration>
        <BuildConfiguration Include="Debug">
            <Key>Cfg_1</Key>
            <CfgParent>Base</CfgParent>
        </BuildConfiguration>
    </ItemGroup>
    <ProjectExtensions>
        <Borland.Personality>Delphi.Personality.12</Borland.Personality>
        <Borland.ProjectType>Application</Borland.ProjectType>
        <BorlandProject>
            <Delphi.Personality>
                <Source>
                    <Source Name="MainSource">principal.dpr</Source>
                </Source>
                <Excluded_Packages>
                    <Excluded_Packages Name="D:\Componentes\TMS_IW20\vcwd2010.bpl">File D:\Componentes\TMS_IW20\vcwd2010.bpl not found</Excluded_Packages>
                    <Excluded_Packages Name="C:\Users\Public\Documents\Embarcadero\Studio\21.0\Bpl\pckUserControl_DT18.bpl">File C:\Users\Public\Documents\Embarcadero\Studio\21.0\Bpl\pckUserControl_DT18.bpl not found</Excluded_Packages>
                    <Excluded_Packages Name="$(BDSBIN)\bcboffice2k270.bpl">Embarcadero C++Builder Office 2000 Servers Package</Excluded_Packages>
                    <Excluded_Packages Name="$(BDSBIN)\bcbofficexp270.bpl">Embarcadero C++Builder Office XP Servers Package</Excluded_Packages>
                    <Excluded_Packages Name="$(BDSBIN)\dcloffice2k270.bpl">Microsoft Office 2000 Sample Automation Server Wrapper Components</Excluded_Packages>
                    <Excluded_Packages Name="$(BDSBIN)\dclofficexp270.bpl">Microsoft Office XP Sample Automation Server Wrapper Components</Excluded_Packages>
                    <Excluded_Packages Name="$(BDS)\RBuilder\Lib\Win32\dclRBC2027.bpl">ReportBuilder TeeChart 9 Components</Excluded_Packages>
                    <Excluded_Packages Name="D:\Componentes\TMS_IW20\vcwdXE7.bpl">File D:\Componentes\TMS_IW20\vcwdXE7.bpl not found</Excluded_Packages>
                    <Excluded_Packages Name="D:\Componentes\TeeChart\Source Code\Source\..\Compiled\Delphi27.win32\Bin\DclTeePro927.bpl">TeeChart Pro 2020 VCL Components</Excluded_Packages>
                    <Excluded_Packages Name="D:\Componentes\TeeChart\Source Code\Source\..\Compiled\Delphi27.win32\Bin\DclTeeMaker127.bpl">TeeMaker</Excluded_Packages>
                    <Excluded_Packages Name="D:\Componentes\TeeChart\Source Code\Source\..\TeeTree\Compiled\Delphi27.win32\Bin\DclTree2D27Tee9.bpl">TeeTree 2 Components</Excluded_Packages>
                </Excluded_Packages>
            </Delphi.Personality>
            <Deployment Version="3">
                <DeployFile LocalName="..\principal.exe" Configuration="Debug" Class="ProjectOutput">
                    <Platform Name="Win32">
                        <RemoteName>principal.exe</RemoteName>
                        <Overwrite>true</Overwrite>
                    </Platform>
                </DeployFile>
                <DeployClass Name="AdditionalDebugSymbols">
                    <Platform Name="iOSSimulator">
                        <Operation>1</Operation>
                    </Platform>
                    <Platform Name="OSX32">
                        <RemoteDir>Contents\MacOS</RemoteDir>
                        <Operation>1</Operation>
                    </Platform>
                    <Platform Name="Win32">
                        <Operation>0</Operation>
                    </Platform>
                </DeployClass>
                <DeployClass Name="AndroidClassesDexFile">
                    <Platform Name="Android">
                        <RemoteDir>classes</RemoteDir>
                        <Operation>1</Operation>
                    </Platform>
                    <Platform Name="Android64">
                        <RemoteDir>classes</RemoteDir>
                        <Operation>1</Operation>
                    </Platform>
                </DeployClass>
                <DeployClass Name="AndroidFileProvider">
                    <Platform Name="Android">
                        <RemoteDir>res\xml</RemoteDir>
                        <Operation>1</Operation>
                    </Platform>
                    <Platform Name="Android64">
                        <RemoteDir>res\xml</RemoteDir>
                        <Operation>1</Operation>
                    </Platform>
                </DeployClass>
                <DeployClass Name="AndroidGDBServer">
                    <Platform Name="Android">
                        <RemoteDir>library\lib\armeabi-v7a</RemoteDir>
                        <Operation>1</Operation>
                    </Platform>
                </DeployClass>
                <DeployClass Name="AndroidLibnativeArmeabiFile">
                    <Platform Name="Android">
                        <RemoteDir>library\lib\armeabi</RemoteDir>
                        <Operation>1</Operation>
                    </Platform>
                    <Platform Name="Android64">
                        <RemoteDir>library\lib\armeabi</RemoteDir>
                        <Operation>1</Operation>
                    </Platform>
                </DeployClass>
                <DeployClass Name="AndroidLibnativeArmeabiv7aFile">
                    <Platform Name="Android64">
                        <RemoteDir>library\lib\armeabi-v7a</RemoteDir>
                        <Operation>1</Operation>
                    </Platform>
                </DeployClass>
                <DeployClass Name="AndroidLibnativeMipsFile">
                    <Platform Name="Android">
                        <RemoteDir>library\lib\mips</RemoteDir>
                        <Operation>1</Operation>
                    </Platform>
                    <Platform Name="Android64">
                        <RemoteDir>library\lib\mips</RemoteDir>
                        <Operation>1</Operation>
                    </Platform>
                </DeployClass>
                <DeployClass Name="AndroidServiceOutput">
                    <Platform Name="Android">
                        <RemoteDir>library\lib\armeabi-v7a</RemoteDir>
                        <Operation>1</Operation>
                    </Platform>
                    <Platform Name="Android64">
                        <RemoteDir>library\lib\arm64-v8a</RemoteDir>
                        <Operation>1</Operation>
                    </Platform>
                </DeployClass>
                <DeployClass Name="AndroidServiceOutput_Android32">
                    <Platform Name="Android64">
                        <RemoteDir>library\lib\armeabi-v7a</RemoteDir>
                        <Operation>1</Operation>
                    </Platform>
                </DeployClass>
                <DeployClass Name="AndroidSplashImageDef">
                    <Platform Name="Android">
                        <RemoteDir>res\drawable</RemoteDir>
                        <Operation>1</Operation>
                    </Platform>
                    <Platform Name="Android64">
                        <RemoteDir>res\drawable</RemoteDir>
                        <Operation>1</Operation>
                    </Platform>
                </DeployClass>
                <DeployClass Name="AndroidSplashStyles">
                    <Platform Name="Android">
                        <RemoteDir>res\values</RemoteDir>
                        <Operation>1</Operation>
                    </Platform>
                    <Platform Name="Android64">
                        <RemoteDir>res\values</RemoteDir>
                        <Operation>1</Operation>
                    </Platform>
                </DeployClass>
                <DeployClass Name="AndroidSplashStylesV21">
                    <Platform Name="Android">
                        <RemoteDir>res\values-v21</RemoteDir>
                        <Operation>1</Operation>
                    </Platform>
                    <Platform Name="Android64">
                        <RemoteDir>res\values-v21</RemoteDir>
                        <Operation>1</Operation>
                    </Platform>
                </DeployClass>
                <DeployClass Name="Android_Colors">
                    <Platform Name="Android">
                        <RemoteDir>res\values</RemoteDir>
                        <Operation>1</Operation>
                    </Platform>
                    <Platform Name="Android64">
                        <RemoteDir>res\values</RemoteDir>
                        <Operation>1</Operation>
                    </Platform>
                </DeployClass>
                <DeployClass Name="Android_DefaultAppIcon">
                    <Platform Name="Android">
                        <RemoteDir>res\drawable</RemoteDir>
                        <Operation>1</Operation>
                    </Platform>
                    <Platform Name="Android64">
                        <RemoteDir>res\drawable</RemoteDir>
                        <Operation>1</Operation>
                    </Platform>
                </DeployClass>
                <DeployClass Name="Android_LauncherIcon144">
                    <Platform Name="Android">
                        <RemoteDir>res\drawable-xxhdpi</RemoteDir>
                        <Operation>1</Operation>
                    </Platform>
                    <Platform Name="Android64">
                        <RemoteDir>res\drawable-xxhdpi</RemoteDir>
                        <Operation>1</Operation>
                    </Platform>
                </DeployClass>
                <DeployClass Name="Android_LauncherIcon192">
                    <Platform Name="Android">
                        <RemoteDir>res\drawable-xxxhdpi</RemoteDir>
                        <Operation>1</Operation>
                    </Platform>
                    <Platform Name="Android64">
                        <RemoteDir>res\drawable-xxxhdpi</RemoteDir>
                        <Operation>1</Operation>
                    </Platform>
                </DeployClass>
                <DeployClass Name="Android_LauncherIcon36">
                    <Platform Name="Android">
                        <RemoteDir>res\drawable-ldpi</RemoteDir>
                        <Operation>1</Operation>
                    </Platform>
                    <Platform Name="Android64">
                        <RemoteDir>res\drawable-ldpi</RemoteDir>
                        <Operation>1</Operation>
                    </Platform>
                </DeployClass>
                <DeployClass Name="Android_LauncherIcon48">
                    <Platform Name="Android">
                        <RemoteDir>res\drawable-mdpi</RemoteDir>
                        <Operation>1</Operation>
                    </Platform>
                    <Platform Name="Android64">
                        <RemoteDir>res\drawable-mdpi</RemoteDir>
                        <Operation>1</Operation>
                    </Platform>
                </DeployClass>
                <DeployClass Name="Android_LauncherIcon72">
                    <Platform Name="Android">
                        <RemoteDir>res\drawable-hdpi</RemoteDir>
                        <Operation>1</Operation>
                    </Platform>
                    <Platform Name="Android64">
                        <RemoteDir>res\drawable-hdpi</RemoteDir>
                        <Operation>1</Operation>
                    </Platform>
                </DeployClass>
                <DeployClass Name="Android_LauncherIcon96">
                    <Platform Name="Android">
                        <RemoteDir>res\drawable-xhdpi</RemoteDir>
                        <Operation>1</Operation>
                    </Platform>
                    <Platform Name="Android64">
                        <RemoteDir>res\drawable-xhdpi</RemoteDir>
                        <Operation>1</Operation>
                    </Platform>
                </DeployClass>
                <DeployClass Name="Android_NotificationIcon24">
                    <Platform Name="Android">
                        <RemoteDir>res\drawable-mdpi</RemoteDir>
                        <Operation>1</Operation>
                    </Platform>
                    <Platform Name="Android64">
                        <RemoteDir>res\drawable-mdpi</RemoteDir>
                        <Operation>1</Operation>
                    </Platform>
                </DeployClass>
                <DeployClass Name="Android_NotificationIcon36">
                    <Platform Name="Android">
                        <RemoteDir>res\drawable-hdpi</RemoteDir>
                        <Operation>1</Operation>
                    </Platform>
                    <Platform Name="Android64">
                        <RemoteDir>res\drawable-hdpi</RemoteDir>
                        <Operation>1</Operation>
                    </Platform>
                </DeployClass>
                <DeployClass Name="Android_NotificationIcon48">
                    <Platform Name="Android">
                        <RemoteDir>res\drawable-xhdpi</RemoteDir>
                        <Operation>1</Operation>
                    </Platform>
                    <Platform Name="Android64">
                        <RemoteDir>res\drawable-xhdpi</RemoteDir>
                        <Operation>1</Operation>
                    </Platform>
                </DeployClass>
                <DeployClass Name="Android_NotificationIcon72">
                    <Platform Name="Android">
                        <RemoteDir>res\drawable-xxhdpi</RemoteDir>
                        <Operation>1</Operation>
                    </Platform>
                    <Platform Name="Android64">
                        <RemoteDir>res\drawable-xxhdpi</RemoteDir>
                        <Operation>1</Operation>
                    </Platform>
                </DeployClass>
                <DeployClass Name="Android_NotificationIcon96">
                    <Platform Name="Android">
                        <RemoteDir>res\drawable-xxxhdpi</RemoteDir>
                        <Operation>1</Operation>
                    </Platform>
                    <Platform Name="Android64">
                        <RemoteDir>res\drawable-xxxhdpi</RemoteDir>
                        <Operation>1</Operation>
                    </Platform>
                </DeployClass>
                <DeployClass Name="Android_SplashImage426">
                    <Platform Name="Android">
                        <RemoteDir>res\drawable-small</RemoteDir>
                        <Operation>1</Operation>
                    </Platform>
                    <Platform Name="Android64">
                        <RemoteDir>res\drawable-small</RemoteDir>
                        <Operation>1</Operation>
                    </Platform>
                </DeployClass>
                <DeployClass Name="Android_SplashImage470">
                    <Platform Name="Android">
                        <RemoteDir>res\drawable-normal</RemoteDir>
                        <Operation>1</Operation>
                    </Platform>
                    <Platform Name="Android64">
                        <RemoteDir>res\drawable-normal</RemoteDir>
                        <Operation>1</Operation>
                    </Platform>
                </DeployClass>
                <DeployClass Name="Android_SplashImage640">
                    <Platform Name="Android">
                        <RemoteDir>res\drawable-large</RemoteDir>
                        <Operation>1</Operation>
                    </Platform>
                    <Platform Name="Android64">
                        <RemoteDir>res\drawable-large</RemoteDir>
                        <Operation>1</Operation>
                    </Platform>
                </DeployClass>
                <DeployClass Name="Android_SplashImage960">
                    <Platform Name="Android">
                        <RemoteDir>res\drawable-xlarge</RemoteDir>
                        <Operation>1</Operation>
                    </Platform>
                    <Platform Name="Android64">
                        <RemoteDir>res\drawable-xlarge</RemoteDir>
                        <Operation>1</Operation>
                    </Platform>
                </DeployClass>
                <DeployClass Name="Android_Strings">
                    <Platform Name="Android">
                        <RemoteDir>res\values</RemoteDir>
                        <Operation>1</Operation>
                    </Platform>
                    <Platform Name="Android64">
                        <RemoteDir>res\values</RemoteDir>
                        <Operation>1</Operation>
                    </Platform>
                </DeployClass>
                <DeployClass Name="DebugSymbols">
                    <Platform Name="iOSSimulator">
                        <Operation>1</Operation>
                    </Platform>
                    <Platform Name="OSX32">
                        <RemoteDir>Contents\MacOS</RemoteDir>
                        <Operation>1</Operation>
                    </Platform>
                    <Platform Name="Win32">
                        <Operation>0</Operation>
                    </Platform>
                </DeployClass>
                <DeployClass Name="DependencyFramework">
                    <Platform Name="OSX32">
                        <RemoteDir>Contents\MacOS</RemoteDir>
                        <Operation>1</Operation>
                        <Extensions>.framework</Extensions>
                    </Platform>
                    <Platform Name="OSX64">
                        <RemoteDir>Contents\MacOS</RemoteDir>
                        <Operation>1</Operation>
                        <Extensions>.framework</Extensions>
                    </Platform>
                    <Platform Name="Win32">
                        <Operation>0</Operation>
                    </Platform>
                </DeployClass>
                <DeployClass Name="DependencyModule">
                    <Platform Name="iOSDevice32">
                        <Operation>1</Operation>
                        <Extensions>.dylib</Extensions>
                    </Platform>
                    <Platform Name="iOSDevice64">
                        <Operation>1</Operation>
                        <Extensions>.dylib</Extensions>
                    </Platform>
                    <Platform Name="iOSSimulator">
                        <Operation>1</Operation>
                        <Extensions>.dylib</Extensions>
                    </Platform>
                    <Platform Name="OSX32">
                        <RemoteDir>Contents\MacOS</RemoteDir>
                        <Operation>1</Operation>
                        <Extensions>.dylib</Extensions>
                    </Platform>
                    <Platform Name="OSX64">
                        <RemoteDir>Contents\MacOS</RemoteDir>
                        <Operation>1</Operation>
                        <Extensions>.dylib</Extensions>
                    </Platform>
                    <Platform Name="Win32">
                        <Operation>0</Operation>
                        <Extensions>.dll;.bpl</Extensions>
                    </Platform>
                </DeployClass>
                <DeployClass Required="true" Name="DependencyPackage">
                    <Platform Name="iOSDevice32">
                        <Operation>1</Operation>
                        <Extensions>.dylib</Extensions>
                    </Platform>
                    <Platform Name="iOSDevice64">
                        <Operation>1</Operation>
                        <Extensions>.dylib</Extensions>
                    </Platform>
                    <Platform Name="iOSSimulator">
                        <Operation>1</Operation>
                        <Extensions>.dylib</Extensions>
                    </Platform>
                    <Platform Name="OSX32">
                        <RemoteDir>Contents\MacOS</RemoteDir>
                        <Operation>1</Operation>
                        <Extensions>.dylib</Extensions>
                    </Platform>
                    <Platform Name="OSX64">
                        <RemoteDir>Contents\MacOS</RemoteDir>
                        <Operation>1</Operation>
                        <Extensions>.dylib</Extensions>
                    </Platform>
                    <Platform Name="Win32">
                        <Operation>0</Operation>
                        <Extensions>.bpl</Extensions>
                    </Platform>
                </DeployClass>
                <DeployClass Name="File">
                    <Platform Name="Android">
                        <Operation>0</Operation>
                    </Platform>
                    <Platform Name="Android64">
                        <Operation>0</Operation>
                    </Platform>
                    <Platform Name="iOSDevice32">
                        <Operation>0</Operation>
                    </Platform>
                    <Platform Name="iOSDevice64">
                        <Operation>0</Operation>
                    </Platform>
                    <Platform Name="iOSSimulator">
                        <Operation>0</Operation>
                    </Platform>
                    <Platform Name="OSX32">
                        <RemoteDir>Contents\Resources\StartUp\</RemoteDir>
                        <Operation>0</Operation>
                    </Platform>
                    <Platform Name="OSX64">
                        <RemoteDir>Contents\Resources\StartUp\</RemoteDir>
                        <Operation>0</Operation>
                    </Platform>
                    <Platform Name="Win32">
                        <Operation>0</Operation>
                    </Platform>
                </DeployClass>
                <DeployClass Name="iOS_AppStore1024">
                    <Platform Name="iOSDevice64">
                        <RemoteDir>..\$(PROJECTNAME).launchscreen\Assets\AppIcon.appiconset</RemoteDir>
                        <Operation>1</Operation>
                    </Platform>
                </DeployClass>
                <DeployClass Name="iPad_AppIcon152">
                    <Platform Name="iOSDevice64">
                        <RemoteDir>..\$(PROJECTNAME).launchscreen\Assets\AppIcon.appiconset</RemoteDir>
                        <Operation>1</Operation>
                    </Platform>
                    <Platform Name="iOSSimulator">
                        <RemoteDir>..\$(PROJECTNAME).launchscreen\Assets\AppIcon.appiconset</RemoteDir>
                        <Operation>1</Operation>
                    </Platform>
                </DeployClass>
                <DeployClass Name="iPad_AppIcon167">
                    <Platform Name="iOSDevice64">
                        <RemoteDir>..\$(PROJECTNAME).launchscreen\Assets\AppIcon.appiconset</RemoteDir>
                        <Operation>1</Operation>
                    </Platform>
                    <Platform Name="iOSSimulator">
                        <RemoteDir>..\$(PROJECTNAME).launchscreen\Assets\AppIcon.appiconset</RemoteDir>
                        <Operation>1</Operation>
                    </Platform>
                </DeployClass>
                <DeployClass Name="iPad_Launch2x">
                    <Platform Name="iOSDevice64">
                        <RemoteDir>..\$(PROJECTNAME).launchscreen\Assets\LaunchScreenImage.imageset</RemoteDir>
                        <Operation>1</Operation>
                    </Platform>
                    <Platform Name="iOSSimulator">
                        <RemoteDir>..\$(PROJECTNAME).launchscreen\Assets\LaunchScreenImage.imageset</RemoteDir>
                        <Operation>1</Operation>
                    </Platform>
                </DeployClass>
                <DeployClass Name="iPad_LaunchDark2x">
                    <Platform Name="iOSDevice64">
                        <RemoteDir>..\$(PROJECTNAME).launchscreen\Assets\LaunchScreenImage.imageset</RemoteDir>
                        <Operation>1</Operation>
                    </Platform>
                    <Platform Name="iOSSimulator">
                        <RemoteDir>..\$(PROJECTNAME).launchscreen\Assets\LaunchScreenImage.imageset</RemoteDir>
                        <Operation>1</Operation>
                    </Platform>
                </DeployClass>
                <DeployClass Name="iPad_Notification40">
                    <Platform Name="iOSDevice64">
                        <RemoteDir>..\$(PROJECTNAME).launchscreen\Assets\AppIcon.appiconset</RemoteDir>
                        <Operation>1</Operation>
                    </Platform>
                    <Platform Name="iOSSimulator">
                        <RemoteDir>..\$(PROJECTNAME).launchscreen\Assets\AppIcon.appiconset</RemoteDir>
                        <Operation>1</Operation>
                    </Platform>
                </DeployClass>
                <DeployClass Name="iPad_Setting58">
                    <Platform Name="iOSDevice64">
                        <RemoteDir>..\$(PROJECTNAME).launchscreen\Assets\AppIcon.appiconset</RemoteDir>
                        <Operation>1</Operation>
                    </Platform>
                    <Platform Name="iOSSimulator">
                        <RemoteDir>..\$(PROJECTNAME).launchscreen\Assets\AppIcon.appiconset</RemoteDir>
                        <Operation>1</Operation>
                    </Platform>
                </DeployClass>
                <DeployClass Name="iPad_SpotLight80">
                    <Platform Name="iOSDevice64">
                        <RemoteDir>..\$(PROJECTNAME).launchscreen\Assets\AppIcon.appiconset</RemoteDir>
                        <Operation>1</Operation>
                    </Platform>
                    <Platform Name="iOSSimulator">
                        <RemoteDir>..\$(PROJECTNAME).launchscreen\Assets\AppIcon.appiconset</RemoteDir>
                        <Operation>1</Operation>
                    </Platform>
                </DeployClass>
                <DeployClass Name="iPhone_AppIcon120">
                    <Platform Name="iOSDevice64">
                        <RemoteDir>..\$(PROJECTNAME).launchscreen\Assets\AppIcon.appiconset</RemoteDir>
                        <Operation>1</Operation>
                    </Platform>
                    <Platform Name="iOSSimulator">
                        <RemoteDir>..\$(PROJECTNAME).launchscreen\Assets\AppIcon.appiconset</RemoteDir>
                        <Operation>1</Operation>
                    </Platform>
                </DeployClass>
                <DeployClass Name="iPhone_AppIcon180">
                    <Platform Name="iOSDevice64">
                        <RemoteDir>..\$(PROJECTNAME).launchscreen\Assets\AppIcon.appiconset</RemoteDir>
                        <Operation>1</Operation>
                    </Platform>
                    <Platform Name="iOSSimulator">
                        <RemoteDir>..\$(PROJECTNAME).launchscreen\Assets\AppIcon.appiconset</RemoteDir>
                        <Operation>1</Operation>
                    </Platform>
                </DeployClass>
                <DeployClass Name="iPhone_Launch2x">
                    <Platform Name="iOSDevice64">
                        <RemoteDir>..\$(PROJECTNAME).launchscreen\Assets\LaunchScreenImage.imageset</RemoteDir>
                        <Operation>1</Operation>
                    </Platform>
                    <Platform Name="iOSSimulator">
                        <RemoteDir>..\$(PROJECTNAME).launchscreen\Assets\LaunchScreenImage.imageset</RemoteDir>
                        <Operation>1</Operation>
                    </Platform>
                </DeployClass>
                <DeployClass Name="iPhone_Launch3x">
                    <Platform Name="iOSDevice64">
                        <RemoteDir>..\$(PROJECTNAME).launchscreen\Assets\LaunchScreenImage.imageset</RemoteDir>
                        <Operation>1</Operation>
                    </Platform>
                    <Platform Name="iOSSimulator">
                        <RemoteDir>..\$(PROJECTNAME).launchscreen\Assets\LaunchScreenImage.imageset</RemoteDir>
                        <Operation>1</Operation>
                    </Platform>
                </DeployClass>
                <DeployClass Name="iPhone_LaunchDark2x">
                    <Platform Name="iOSDevice64">
                        <RemoteDir>..\$(PROJECTNAME).launchscreen\Assets\LaunchScreenImage.imageset</RemoteDir>
                        <Operation>1</Operation>
                    </Platform>
                    <Platform Name="iOSSimulator">
                        <RemoteDir>..\$(PROJECTNAME).launchscreen\Assets\LaunchScreenImage.imageset</RemoteDir>
                        <Operation>1</Operation>
                    </Platform>
                </DeployClass>
                <DeployClass Name="iPhone_LaunchDark3x">
                    <Platform Name="iOSDevice64">
                        <RemoteDir>..\$(PROJECTNAME).launchscreen\Assets\LaunchScreenImage.imageset</RemoteDir>
                        <Operation>1</Operation>
                    </Platform>
                    <Platform Name="iOSSimulator">
                        <RemoteDir>..\$(PROJECTNAME).launchscreen\Assets\LaunchScreenImage.imageset</RemoteDir>
                        <Operation>1</Operation>
                    </Platform>
                </DeployClass>
                <DeployClass Name="iPhone_Notification40">
                    <Platform Name="iOSDevice64">
                        <RemoteDir>..\$(PROJECTNAME).launchscreen\Assets\AppIcon.appiconset</RemoteDir>
                        <Operation>1</Operation>
                    </Platform>
                    <Platform Name="iOSSimulator">
                        <RemoteDir>..\$(PROJECTNAME).launchscreen\Assets\AppIcon.appiconset</RemoteDir>
                        <Operation>1</Operation>
                    </Platform>
                </DeployClass>
                <DeployClass Name="iPhone_Notification60">
                    <Platform Name="iOSDevice64">
                        <RemoteDir>..\$(PROJECTNAME).launchscreen\Assets\AppIcon.appiconset</RemoteDir>
                        <Operation>1</Operation>
                    </Platform>
                    <Platform Name="iOSSimulator">
                        <RemoteDir>..\$(PROJECTNAME).launchscreen\Assets\AppIcon.appiconset</RemoteDir>
                        <Operation>1</Operation>
                    </Platform>
                </DeployClass>
                <DeployClass Name="iPhone_Setting58">
                    <Platform Name="iOSDevice64">
                        <RemoteDir>..\$(PROJECTNAME).launchscreen\Assets\AppIcon.appiconset</RemoteDir>
                        <Operation>1</Operation>
                    </Platform>
                    <Platform Name="iOSSimulator">
                        <RemoteDir>..\$(PROJECTNAME).launchscreen\Assets\AppIcon.appiconset</RemoteDir>
                        <Operation>1</Operation>
                    </Platform>
                </DeployClass>
                <DeployClass Name="iPhone_Setting87">
                    <Platform Name="iOSDevice64">
                        <RemoteDir>..\$(PROJECTNAME).launchscreen\Assets\AppIcon.appiconset</RemoteDir>
                        <Operation>1</Operation>
                    </Platform>
                    <Platform Name="iOSSimulator">
                        <RemoteDir>..\$(PROJECTNAME).launchscreen\Assets\AppIcon.appiconset</RemoteDir>
                        <Operation>1</Operation>
                    </Platform>
                </DeployClass>
                <DeployClass Name="iPhone_Spotlight120">
                    <Platform Name="iOSDevice64">
                        <RemoteDir>..\$(PROJECTNAME).launchscreen\Assets\AppIcon.appiconset</RemoteDir>
                        <Operation>1</Operation>
                    </Platform>
                    <Platform Name="iOSSimulator">
                        <RemoteDir>..\$(PROJECTNAME).launchscreen\Assets\AppIcon.appiconset</RemoteDir>
                        <Operation>1</Operation>
                    </Platform>
                </DeployClass>
                <DeployClass Name="iPhone_Spotlight80">
                    <Platform Name="iOSDevice64">
                        <RemoteDir>..\$(PROJECTNAME).launchscreen\Assets\AppIcon.appiconset</RemoteDir>
                        <Operation>1</Operation>
                    </Platform>
                    <Platform Name="iOSSimulator">
                        <RemoteDir>..\$(PROJECTNAME).launchscreen\Assets\AppIcon.appiconset</RemoteDir>
                        <Operation>1</Operation>
                    </Platform>
                </DeployClass>
                <DeployClass Name="ProjectAndroidManifest">
                    <Platform Name="Android">
                        <Operation>1</Operation>
                    </Platform>
                    <Platform Name="Android64">
                        <Operation>1</Operation>
                    </Platform>
                </DeployClass>
                <DeployClass Name="ProjectiOSDeviceDebug">
                    <Platform Name="iOSDevice32">
                        <RemoteDir>..\$(PROJECTNAME).app.dSYM\Contents\Resources\DWARF</RemoteDir>
                        <Operation>1</Operation>
                    </Platform>
                    <Platform Name="iOSDevice64">
                        <RemoteDir>..\$(PROJECTNAME).app.dSYM\Contents\Resources\DWARF</RemoteDir>
                        <Operation>1</Operation>
                    </Platform>
                </DeployClass>
                <DeployClass Name="ProjectiOSEntitlements">
                    <Platform Name="iOSDevice32">
                        <RemoteDir>..\</RemoteDir>
                        <Operation>1</Operation>
                    </Platform>
                    <Platform Name="iOSDevice64">
                        <RemoteDir>..\</RemoteDir>
                        <Operation>1</Operation>
                    </Platform>
                </DeployClass>
                <DeployClass Name="ProjectiOSInfoPList">
                    <Platform Name="iOSDevice32">
                        <Operation>1</Operation>
                    </Platform>
                    <Platform Name="iOSDevice64">
                        <Operation>1</Operation>
                    </Platform>
                    <Platform Name="iOSSimulator">
                        <Operation>1</Operation>
                    </Platform>
                </DeployClass>
                <DeployClass Name="ProjectiOSLaunchScreen">
                    <Platform Name="iOSDevice64">
                        <RemoteDir>..\$(PROJECTNAME).launchscreen</RemoteDir>
                        <Operation>64</Operation>
                    </Platform>
                    <Platform Name="iOSSimulator">
                        <RemoteDir>..\$(PROJECTNAME).launchscreen</RemoteDir>
                        <Operation>64</Operation>
                    </Platform>
                </DeployClass>
                <DeployClass Name="ProjectiOSResource">
                    <Platform Name="iOSDevice32">
                        <Operation>1</Operation>
                    </Platform>
                    <Platform Name="iOSDevice64">
                        <Operation>1</Operation>
                    </Platform>
                    <Platform Name="iOSSimulator">
                        <Operation>1</Operation>
                    </Platform>
                </DeployClass>
                <DeployClass Name="ProjectOSXDebug">
                    <Platform Name="OSX64">
                        <RemoteDir>..\$(PROJECTNAME).app.dSYM\Contents\Resources\DWARF</RemoteDir>
                        <Operation>1</Operation>
                    </Platform>
                </DeployClass>
                <DeployClass Name="ProjectOSXEntitlements">
                    <Platform Name="OSX32">
                        <RemoteDir>..\</RemoteDir>
                        <Operation>1</Operation>
                    </Platform>
                    <Platform Name="OSX64">
                        <RemoteDir>..\</RemoteDir>
                        <Operation>1</Operation>
                    </Platform>
                </DeployClass>
                <DeployClass Name="ProjectOSXInfoPList">
                    <Platform Name="OSX32">
                        <RemoteDir>Contents</RemoteDir>
                        <Operation>1</Operation>
                    </Platform>
                    <Platform Name="OSX64">
                        <RemoteDir>Contents</RemoteDir>
                        <Operation>1</Operation>
                    </Platform>
                </DeployClass>
                <DeployClass Name="ProjectOSXResource">
                    <Platform Name="OSX32">
                        <RemoteDir>Contents\Resources</RemoteDir>
                        <Operation>1</Operation>
                    </Platform>
                    <Platform Name="OSX64">
                        <RemoteDir>Contents\Resources</RemoteDir>
                        <Operation>1</Operation>
                    </Platform>
                </DeployClass>
                <DeployClass Required="true" Name="ProjectOutput">
                    <Platform Name="Android">
                        <RemoteDir>library\lib\armeabi-v7a</RemoteDir>
                        <Operation>1</Operation>
                    </Platform>
                    <Platform Name="Android64">
                        <RemoteDir>library\lib\arm64-v8a</RemoteDir>
                        <Operation>1</Operation>
                    </Platform>
                    <Platform Name="iOSDevice32">
                        <Operation>1</Operation>
                    </Platform>
                    <Platform Name="iOSDevice64">
                        <Operation>1</Operation>
                    </Platform>
                    <Platform Name="iOSSimulator">
                        <Operation>1</Operation>
                    </Platform>
                    <Platform Name="Linux64">
                        <Operation>1</Operation>
                    </Platform>
                    <Platform Name="OSX32">
                        <RemoteDir>Contents\MacOS</RemoteDir>
                        <Operation>1</Operation>
                    </Platform>
                    <Platform Name="OSX64">
                        <RemoteDir>Contents\MacOS</RemoteDir>
                        <Operation>1</Operation>
                    </Platform>
                    <Platform Name="Win32">
                        <Operation>0</Operation>
                    </Platform>
                </DeployClass>
                <DeployClass Name="ProjectOutput_Android32">
                    <Platform Name="Android64">
                        <RemoteDir>library\lib\armeabi-v7a</RemoteDir>
                        <Operation>1</Operation>
                    </Platform>
                </DeployClass>
                <DeployClass Name="ProjectUWPManifest">
                    <Platform Name="Win32">
                        <Operation>1</Operation>
                    </Platform>
                    <Platform Name="Win64">
                        <Operation>1</Operation>
                    </Platform>
                </DeployClass>
                <DeployClass Name="UWP_DelphiLogo150">
                    <Platform Name="Win32">
                        <RemoteDir>Assets</RemoteDir>
                        <Operation>1</Operation>
                    </Platform>
                    <Platform Name="Win64">
                        <RemoteDir>Assets</RemoteDir>
                        <Operation>1</Operation>
                    </Platform>
                </DeployClass>
                <DeployClass Name="UWP_DelphiLogo44">
                    <Platform Name="Win32">
                        <RemoteDir>Assets</RemoteDir>
                        <Operation>1</Operation>
                    </Platform>
                    <Platform Name="Win64">
                        <RemoteDir>Assets</RemoteDir>
                        <Operation>1</Operation>
                    </Platform>
                </DeployClass>
                <ProjectRoot Platform="iOSDevice64" Name="$(PROJECTNAME).app"/>
                <ProjectRoot Platform="Win64" Name="$(PROJECTNAME)"/>
                <ProjectRoot Platform="iOSDevice32" Name="$(PROJECTNAME).app"/>
                <ProjectRoot Platform="Linux64" Name="$(PROJECTNAME)"/>
                <ProjectRoot Platform="Win32" Name="$(PROJECTNAME)"/>
                <ProjectRoot Platform="OSX32" Name="$(PROJECTNAME).app"/>
                <ProjectRoot Platform="Android" Name="$(PROJECTNAME)"/>
                <ProjectRoot Platform="OSX64" Name="$(PROJECTNAME).app"/>
                <ProjectRoot Platform="iOSSimulator" Name="$(PROJECTNAME).app"/>
                <ProjectRoot Platform="Android64" Name="$(PROJECTNAME)"/>
            </Deployment>
            <Platforms>
                <Platform value="Win32">True</Platform>
                <Platform value="Win64">False</Platform>
            </Platforms>
        </BorlandProject>
        <ProjectFileVersion>12</ProjectFileVersion>
    </ProjectExtensions>
    <Import Project="$(BDS)\Bin\CodeGear.Delphi.Targets" Condition="Exists('$(BDS)\Bin\CodeGear.Delphi.Targets')"/>
    <Import Project="$(APPDATA)\Embarcadero\$(BDSAPPDATABASEDIR)\$(PRODUCTVERSION)\UserTools.proj" Condition="Exists('$(APPDATA)\Embarcadero\$(BDSAPPDATABASEDIR)\$(PRODUCTVERSION)\UserTools.proj')"/>
    <Import Project="$(MSBuildProjectName).deployproj" Condition="Exists('$(MSBuildProjectName).deployproj')"/>
</Project>
